
Microsoft Visual Studio Solution File, Format Version 12.00
# Visual Studio Version 16
VisualStudioVersion = 16.0.30204.135
MinimumVisualStudioVersion = 10.0.40219.1
Project("{FAE04EC0-301F-11D3-BF4B-00C04F79EFBC}") = "ClientSync-Server", "ClientSync-Server\ClientSync-Server.csproj", "{B5082E49-5B52-4E08-8348-64ACEEFC870D}"
EndProject
Global
	GlobalSection(SolutionConfigurationPlatforms) = preSolution
		Debug|Any CPU = Debug|Any CPU
		Release|Any CPU = Release|Any CPU
	EndGlobalSection
	GlobalSection(ProjectConfigurationPlatforms) = postSolution
		{B5082E49-5B52-4E08-8348-64ACEEFC870D}.Debug|Any CPU.ActiveCfg = Debug|Any CPU
		{B5082E49-5B52-4E08-8348-64ACEEFC870D}.Debug|Any CPU.Build.0 = Debug|Any CPU
		{B5082E49-5B52-4E08-8348-64ACEEFC870D}.Release|Any CPU.ActiveCfg = Release|Any CPU
		{B5082E49-5B52-4E08-8348-64ACEEFC870D}.Release|Any CPU.Build.0 = Release|Any CPU
	EndGlobalSection
	GlobalSection(SolutionProperties) = preSolution
		HideSolutionNode = FALSE
	EndGlobalSection
	GlobalSection(ExtensibilityGlobals) = postSolution
		SolutionGuid = {D21C7700-49A4-43EE-94B4-9C1331A3307F}
	EndGlobalSection
EndGlobal
